
Microsoft Visual Studio Solution File, Format Version 12.00
# Visual Studio 14
VisualStudioVersion = 14.0.25420.1
MinimumVisualStudioVersion = 10.0.40219.1
Project("{FAE04EC0-301F-11D3-BF4B-00C04F79EFBC}") = "InventorySystem", "InventorySystem\InventorySystem.csproj", "{5F2FE806-C9A3-4CAE-A5D9-AEF6C4CF6839}"
EndProject
Project("{54435603-DBB4-11D2-8724-00A0C9A8B90C}") = "InventSetup", "InventSetup\InventSetup.vdproj", "{A807C1DC-2EE2-4B83-B9FE-0CF475FE9331}"
EndProject
Project("{FAE04EC0-301F-11D3-BF4B-00C04F79EFBC}") = "DataBaseService", "DataBaseService\DataBaseService.csproj", "{07A11D27-E17B-40F1-BADD-7E7013B1B2A8}"
EndProject
Project("{FAE04EC0-301F-11D3-BF4B-00C04F79EFBC}") = "HistoryService", "Server\Server\HistoryService.csproj", "{C25C489C-34AE-447A-87FB-735ADE09E8F6}"
EndProject
Global
	GlobalSection(SolutionConfigurationPlatforms) = preSolution
		Debug|Any CPU = Debug|Any CPU
		Release|Any CPU = Release|Any CPU
	EndGlobalSection
	GlobalSection(ProjectConfigurationPlatforms) = postSolution
		{5F2FE806-C9A3-4CAE-A5D9-AEF6C4CF6839}.Debug|Any CPU.ActiveCfg = Debug|Any CPU
		{5F2FE806-C9A3-4CAE-A5D9-AEF6C4CF6839}.Debug|Any CPU.Build.0 = Debug|Any CPU
		{5F2FE806-C9A3-4CAE-A5D9-AEF6C4CF6839}.Release|Any CPU.ActiveCfg = Release|Any CPU
		{5F2FE806-C9A3-4CAE-A5D9-AEF6C4CF6839}.Release|Any CPU.Build.0 = Release|Any CPU
		{A807C1DC-2EE2-4B83-B9FE-0CF475FE9331}.Debug|Any CPU.ActiveCfg = Debug
		{A807C1DC-2EE2-4B83-B9FE-0CF475FE9331}.Release|Any CPU.ActiveCfg = Release
		{07A11D27-E17B-40F1-BADD-7E7013B1B2A8}.Debug|Any CPU.ActiveCfg = Debug|Any CPU
		{07A11D27-E17B-40F1-BADD-7E7013B1B2A8}.Debug|Any CPU.Build.0 = Debug|Any CPU
		{07A11D27-E17B-40F1-BADD-7E7013B1B2A8}.Release|Any CPU.ActiveCfg = Release|Any CPU
		{07A11D27-E17B-40F1-BADD-7E7013B1B2A8}.Release|Any CPU.Build.0 = Release|Any CPU
		{C25C489C-34AE-447A-87FB-735ADE09E8F6}.Debug|Any CPU.ActiveCfg = Debug|Any CPU
		{C25C489C-34AE-447A-87FB-735ADE09E8F6}.Debug|Any CPU.Build.0 = Debug|Any CPU
		{C25C489C-34AE-447A-87FB-735ADE09E8F6}.Release|Any CPU.ActiveCfg = Release|Any CPU
		{C25C489C-34AE-447A-87FB-735ADE09E8F6}.Release|Any CPU.Build.0 = Release|Any CPU
	EndGlobalSection
	GlobalSection(SolutionProperties) = preSolution
		HideSolutionNode = FALSE
	EndGlobalSection
EndGlobal
